
Microsoft Visual Studio Solution File, Format Version 12.00
# Visual Studio 15
VisualStudioVersion = 15.0.26124.0
MinimumVisualStudioVersion = 15.0.26124.0
Project("{2150E333-8FDC-42A3-9474-1A3956D46DE8}") = "package", "package", "{174962E8-07BC-43F0-8ACC-30DD544AD1BD}"
EndProject
Project("{FAE04EC0-301F-11D3-BF4B-00C04F79EFBC}") = "Stackage.Core", "package\Stackage.Core\Stackage.Core.csproj", "{D5368C38-097B-492B-8860-B145A1C9F6A9}"
EndProject
Project("{FAE04EC0-301F-11D3-BF4B-00C04F79EFBC}") = "Stackage.Core.Tests", "package\Stackage.Core.Tests\Stackage.Core.Tests.csproj", "{FD94F937-775A-48A1-8608-91D0F0BAE23C}"
EndProject
Global
	GlobalSection(SolutionConfigurationPlatforms) = preSolution
		Debug|Any CPU = Debug|Any CPU
		Debug|x64 = Debug|x64
		Debug|x86 = Debug|x86
		Release|Any CPU = Release|Any CPU
		Release|x64 = Release|x64
		Release|x86 = Release|x86
	EndGlobalSection
	GlobalSection(SolutionProperties) = preSolution
		HideSolutionNode = FALSE
	EndGlobalSection
	GlobalSection(ProjectConfigurationPlatforms) = postSolution
		{D5368C38-097B-492B-8860-B145A1C9F6A9}.Debug|Any CPU.ActiveCfg = Debug|Any CPU
		{D5368C38-097B-492B-8860-B145A1C9F6A9}.Debug|Any CPU.Build.0 = Debug|Any CPU
		{D5368C38-097B-492B-8860-B145A1C9F6A9}.Debug|x64.ActiveCfg = Debug|Any CPU
		{D5368C38-097B-492B-8860-B145A1C9F6A9}.Debug|x64.Build.0 = Debug|Any CPU
		{D5368C38-097B-492B-8860-B145A1C9F6A9}.Debug|x86.ActiveCfg = Debug|Any CPU
		{D5368C38-097B-492B-8860-B145A1C9F6A9}.Debug|x86.Build.0 = Debug|Any CPU
		{D5368C38-097B-492B-8860-B145A1C9F6A9}.Release|Any CPU.ActiveCfg = Release|Any CPU
		{D5368C38-097B-492B-8860-B145A1C9F6A9}.Release|Any CPU.Build.0 = Release|Any CPU
		{D5368C38-097B-492B-8860-B145A1C9F6A9}.Release|x64.ActiveCfg = Release|Any CPU
		{D5368C38-097B-492B-8860-B145A1C9F6A9}.Release|x64.Build.0 = Release|Any CPU
		{D5368C38-097B-492B-8860-B145A1C9F6A9}.Release|x86.ActiveCfg = Release|Any CPU
		{D5368C38-097B-492B-8860-B145A1C9F6A9}.Release|x86.Build.0 = Release|Any CPU
		{FD94F937-775A-48A1-8608-91D0F0BAE23C}.Debug|Any CPU.ActiveCfg = Debug|Any CPU
		{FD94F937-775A-48A1-8608-91D0F0BAE23C}.Debug|Any CPU.Build.0 = Debug|Any CPU
		{FD94F937-775A-48A1-8608-91D0F0BAE23C}.Debug|x64.ActiveCfg = Debug|Any CPU
		{FD94F937-775A-48A1-8608-91D0F0BAE23C}.Debug|x64.Build.0 = Debug|Any CPU
		{FD94F937-775A-48A1-8608-91D0F0BAE23C}.Debug|x86.ActiveCfg = Debug|Any CPU
		{FD94F937-775A-48A1-8608-91D0F0BAE23C}.Debug|x86.Build.0 = Debug|Any CPU
		{FD94F937-775A-48A1-8608-91D0F0BAE23C}.Release|Any CPU.ActiveCfg = Release|Any CPU
		{FD94F937-775A-48A1-8608-91D0F0BAE23C}.Release|Any CPU.Build.0 = Release|Any CPU
		{FD94F937-775A-48A1-8608-91D0F0BAE23C}.Release|x64.ActiveCfg = Release|Any CPU
		{FD94F937-775A-48A1-8608-91D0F0BAE23C}.Release|x64.Build.0 = Release|Any CPU
		{FD94F937-775A-48A1-8608-91D0F0BAE23C}.Release|x86.ActiveCfg = Release|Any CPU
		{FD94F937-775A-48A1-8608-91D0F0BAE23C}.Release|x86.Build.0 = Release|Any CPU
	EndGlobalSection
	GlobalSection(NestedProjects) = preSolution
		{D5368C38-097B-492B-8860-B145A1C9F6A9} = {174962E8-07BC-43F0-8ACC-30DD544AD1BD}
		{FD94F937-775A-48A1-8608-91D0F0BAE23C} = {174962E8-07BC-43F0-8ACC-30DD544AD1BD}
	EndGlobalSection
EndGlobal
